// !$*UTF8*$!
{
	archiveVersion = 1;
	classes = {
	};
	objectVersion = 46;
	objects = {

/* Begin PBXBuildFile section */
		4376C8A12581B582975DCF1C /* Pods_ContactsList.framework in Frameworks */ = {isa = PBXBuildFile; fileRef = 51413AD4FB3501D4F5CD6771 /* Pods_ContactsList.framework */; };
		844434A51EC766630030C44E /* ContactsListTableViewController.swift in Sources */ = {isa = PBXBuildFile; fileRef = 844434A31EC766630030C44E /* ContactsListTableViewController.swift */; };
		844434A81EC77B100030C44E /* ContactClass.swift in Sources */ = {isa = PBXBuildFile; fileRef = 844434A71EC77B100030C44E /* ContactClass.swift */; };
		844434AA1EC77C0F0030C44E /* ContactsListClass.swift in Sources */ = {isa = PBXBuildFile; fileRef = 844434A91EC77C0F0030C44E /* ContactsListClass.swift */; };
		8476C0801EC7476E001BD631 /* AppDelegate.swift in Sources */ = {isa = PBXBuildFile; fileRef = 8476C07F1EC7476E001BD631 /* AppDelegate.swift */; };
		8476C0851EC7476E001BD631 /* Main.storyboard in Resources */ = {isa = PBXBuildFile; fileRef = 8476C0831EC7476E001BD631 /* Main.storyboard */; };
		8476C0871EC7476E001BD631 /* Assets.xcassets in Resources */ = {isa = PBXBuildFile; fileRef = 8476C0861EC7476E001BD631 /* Assets.xcassets */; };
		8476C08A1EC7476E001BD631 /* LaunchScreen.storyboard in Resources */ = {isa = PBXBuildFile; fileRef = 8476C0881EC7476E001BD631 /* LaunchScreen.storyboard */; };
		84DE95021EC89E14007CE6B8 /* ContactsTableViewCell.swift in Sources */ = {isa = PBXBuildFile; fileRef = 84DE95001EC89E14007CE6B8 /* ContactsTableViewCell.swift */; };
		A01229531ECA0A4200420607 /* ViewContactTableViewController.swift in Sources */ = {isa = PBXBuildFile; fileRef = A01229521ECA0A4200420607 /* ViewContactTableViewController.swift */; };
		A030CF5D1ECB672100DC2975 /* EditNavigationViewController.swift in Sources */ = {isa = PBXBuildFile; fileRef = A030CF5C1ECB672100DC2975 /* EditNavigationViewController.swift */; };
		A0652E961EC9E1650079C19C /* NewContactViewController.swift in Sources */ = {isa = PBXBuildFile; fileRef = A0652E951EC9E1650079C19C /* NewContactViewController.swift */; };
/* End PBXBuildFile section */

/* Begin PBXFileReference section */
		2B7A08DE769BEC3F0145A60D /* Pods-ContactsList.release.xcconfig */ = {isa = PBXFileReference; includeInIndex = 1; lastKnownFileType = text.xcconfig; name = "Pods-ContactsList.release.xcconfig"; path = "Pods/Target Support Files/Pods-ContactsList/Pods-ContactsList.release.xcconfig"; sourceTree = "<group>"; };
		51413AD4FB3501D4F5CD6771 /* Pods_ContactsList.framework */ = {isa = PBXFileReference; explicitFileType = wrapper.framework; includeInIndex = 0; path = Pods_ContactsList.framework; sourceTree = BUILT_PRODUCTS_DIR; };
		7E4EB0974A2484A9B9CBDA65 /* Pods-ContactsList.debug.xcconfig */ = {isa = PBXFileReference; includeInIndex = 1; lastKnownFileType = text.xcconfig; name = "Pods-ContactsList.debug.xcconfig"; path = "Pods/Target Support Files/Pods-ContactsList/Pods-ContactsList.debug.xcconfig"; sourceTree = "<group>"; };
		844434A31EC766630030C44E /* ContactsListTableViewController.swift */ = {isa = PBXFileReference; fileEncoding = 4; lastKnownFileType = sourcecode.swift; path = ContactsListTableViewController.swift; sourceTree = "<group>"; };
		844434A71EC77B100030C44E /* ContactClass.swift */ = {isa = PBXFileReference; fileEncoding = 4; lastKnownFileType = sourcecode.swift; path = ContactClass.swift; sourceTree = "<group>"; };
		844434A91EC77C0F0030C44E /* ContactsListClass.swift */ = {isa = PBXFileReference; fileEncoding = 4; lastKnownFileType = sourcecode.swift; path = ContactsListClass.swift; sourceTree = "<group>"; };
		8476C07C1EC7476E001BD631 /* ContactsList.app */ = {isa = PBXFileReference; explicitFileType = wrapper.application; includeInIndex = 0; path = ContactsList.app; sourceTree = BUILT_PRODUCTS_DIR; };
		8476C07F1EC7476E001BD631 /* AppDelegate.swift */ = {isa = PBXFileReference; lastKnownFileType = sourcecode.swift; path = AppDelegate.swift; sourceTree = "<group>"; };
		8476C0841EC7476E001BD631 /* Base */ = {isa = PBXFileReference; lastKnownFileType = file.storyboard; name = Base; path = Base.lproj/Main.storyboard; sourceTree = "<group>"; };
		8476C0861EC7476E001BD631 /* Assets.xcassets */ = {isa = PBXFileReference; lastKnownFileType = folder.assetcatalog; path = Assets.xcassets; sourceTree = "<group>"; };
		8476C0891EC7476E001BD631 /* Base */ = {isa = PBXFileReference; lastKnownFileType = file.storyboard; name = Base; path = Base.lproj/LaunchScreen.storyboard; sourceTree = "<group>"; };
		8476C08B1EC7476E001BD631 /* Info.plist */ = {isa = PBXFileReference; lastKnownFileType = text.plist.xml; path = Info.plist; sourceTree = "<group>"; };
		84DE95001EC89E14007CE6B8 /* ContactsTableViewCell.swift */ = {isa = PBXFileReference; fileEncoding = 4; lastKnownFileType = sourcecode.swift; path = ContactsTableViewCell.swift; sourceTree = "<group>"; };
		A01229521ECA0A4200420607 /* ViewContactTableViewController.swift */ = {isa = PBXFileReference; fileEncoding = 4; lastKnownFileType = sourcecode.swift; path = ViewContactTableViewController.swift; sourceTree = "<group>"; };
		A030CF5C1ECB672100DC2975 /* EditNavigationViewController.swift */ = {isa = PBXFileReference; fileEncoding = 4; lastKnownFileType = sourcecode.swift; path = EditNavigationViewController.swift; sourceTree = "<group>"; };
		A0652E951EC9E1650079C19C /* NewContactViewController.swift */ = {isa = PBXFileReference; fileEncoding = 4; lastKnownFileType = sourcecode.swift; path = NewContactViewController.swift; sourceTree = "<group>"; };
/* End PBXFileReference section */

/* Begin PBXFrameworksBuildPhase section */
		8476C0791EC7476E001BD631 /* Frameworks */ = {
			isa = PBXFrameworksBuildPhase;
			buildActionMask = 2147483647;
			files = (
				4376C8A12581B582975DCF1C /* Pods_ContactsList.framework in Frameworks */,
			);
			runOnlyForDeploymentPostprocessing = 0;
		};
/* End PBXFrameworksBuildPhase section */

/* Begin PBXGroup section */
		8444349E1EC7661C0030C44E /* Supporting Files */ = {
			isa = PBXGroup;
			children = (
				8476C07F1EC7476E001BD631 /* AppDelegate.swift */,
				8476C0861EC7476E001BD631 /* Assets.xcassets */,
				8476C0881EC7476E001BD631 /* LaunchScreen.storyboard */,
				8476C08B1EC7476E001BD631 /* Info.plist */,
			);
			name = "Supporting Files";
			sourceTree = "<group>";
		};
		8476C0731EC7476E001BD631 = {
			isa = PBXGroup;
			children = (
				8476C07E1EC7476E001BD631 /* ContactsList */,
				8476C07D1EC7476E001BD631 /* Products */,
				E874A2F1F17A80C3D7AE3705 /* Pods */,
				ADBCF9789EF9A8AD9DCDD447 /* Frameworks */,
			);
			sourceTree = "<group>";
		};
		8476C07D1EC7476E001BD631 /* Products */ = {
			isa = PBXGroup;
			children = (
				8476C07C1EC7476E001BD631 /* ContactsList.app */,
			);
			name = Products;
			sourceTree = "<group>";
		};
		8476C07E1EC7476E001BD631 /* ContactsList */ = {
			isa = PBXGroup;
			children = (
				8444349E1EC7661C0030C44E /* Supporting Files */,
				8476C0831EC7476E001BD631 /* Main.storyboard */,
				844434A31EC766630030C44E /* ContactsListTableViewController.swift */,
				844434A71EC77B100030C44E /* ContactClass.swift */,
				844434A91EC77C0F0030C44E /* ContactsListClass.swift */,
				84DE95001EC89E14007CE6B8 /* ContactsTableViewCell.swift */,
				A0652E951EC9E1650079C19C /* NewContactViewController.swift */,
				A01229521ECA0A4200420607 /* ViewContactTableViewController.swift */,
				A030CF5C1ECB672100DC2975 /* EditNavigationViewController.swift */,
			);
			path = ContactsList;
			sourceTree = "<group>";
		};
		ADBCF9789EF9A8AD9DCDD447 /* Frameworks */ = {
			isa = PBXGroup;
			children = (
				51413AD4FB3501D4F5CD6771 /* Pods_ContactsList.framework */,
			);
			name = Frameworks;
			sourceTree = "<group>";
		};
		E874A2F1F17A80C3D7AE3705 /* Pods */ = {
			isa = PBXGroup;
			children = (
				7E4EB0974A2484A9B9CBDA65 /* Pods-ContactsList.debug.xcconfig */,
				2B7A08DE769BEC3F0145A60D /* Pods-ContactsList.release.xcconfig */,
			);
			name = Pods;
			sourceTree = "<group>";
		};
/* End PBXGroup section */

/* Begin PBXNativeTarget section */
		8476C07B1EC7476E001BD631 /* ContactsList */ = {
			isa = PBXNativeTarget;
			buildConfigurationList = 8476C08E1EC7476E001BD631 /* Build configuration list for PBXNativeTarget "ContactsList" */;
			buildPhases = (
				4961DD86538173E2E93FD890 /* [CP] Check Pods Manifest.lock */,
				8476C0781EC7476E001BD631 /* Sources */,
				8476C0791EC7476E001BD631 /* Frameworks */,
				8476C07A1EC7476E001BD631 /* Resources */,
				EA864F5434B654F6A2BA6C77 /* [CP] Embed Pods Frameworks */,
				101848CDB18ABFE9E010F9D2 /* [CP] Copy Pods Resources */,
			);
			buildRules = (
			);
			dependencies = (
			);
			name = ContactsList;
			productName = ContactsList;
			productReference = 8476C07C1EC7476E001BD631 /* ContactsList.app */;
			productType = "com.apple.product-type.application";
		};
/* End PBXNativeTarget section */

/* Begin PBXProject section */
		8476C0741EC7476E001BD631 /* Project object */ = {
			isa = PBXProject;
			attributes = {
				LastSwiftUpdateCheck = 0830;
				LastUpgradeCheck = 0830;
				ORGANIZATIONNAME = home;
				TargetAttributes = {
					8476C07B1EC7476E001BD631 = {
						CreatedOnToolsVersion = 8.3.2;
						DevelopmentTeam = 25KV7PP28G;
						ProvisioningStyle = Automatic;
					};
				};
			};
			buildConfigurationList = 8476C0771EC7476E001BD631 /* Build configuration list for PBXProject "ContactsList" */;
			compatibilityVersion = "Xcode 3.2";
			developmentRegion = English;
			hasScannedForEncodings = 0;
			knownRegions = (
				en,
				Base,
			);
			mainGroup = 8476C0731EC7476E001BD631;
			productRefGroup = 8476C07D1EC7476E001BD631 /* Products */;
			projectDirPath = "";
			projectRoot = "";
			targets = (
				8476C07B1EC7476E001BD631 /* ContactsList */,
			);
		};
/* End PBXProject section */

/* Begin PBXResourcesBuildPhase section */
		8476C07A1EC7476E001BD631 /* Resources */ = {
			isa = PBXResourcesBuildPhase;
			buildActionMask = 2147483647;
			files = (
				8476C08A1EC7476E001BD631 /* LaunchScreen.storyboard in Resources */,
				8476C0871EC7476E001BD631 /* Assets.xcassets in Resources */,
				8476C0851EC7476E001BD631 /* Main.storyboard in Resources */,
			);
			runOnlyForDeploymentPostprocessing = 0;
		};
/* End PBXResourcesBuildPhase section */

/* Begin PBXShellScriptBuildPhase section */
		101848CDB18ABFE9E010F9D2 /* [CP] Copy Pods Resources */ = {
			isa = PBXShellScriptBuildPhase;
			buildActionMask = 2147483647;
			files = (
			);
			inputPaths = (
			);
			name = "[CP] Copy Pods Resources";
			outputPaths = (
			);
			runOnlyForDeploymentPostprocessing = 0;
			shellPath = /bin/sh;
			shellScript = "\"${SRCROOT}/Pods/Target Support Files/Pods-ContactsList/Pods-ContactsList-resources.sh\"\n";
			showEnvVarsInLog = 0;
		};
		4961DD86538173E2E93FD890 /* [CP] Check Pods Manifest.lock */ = {
			isa = PBXShellScriptBuildPhase;
			buildActionMask = 2147483647;
			files = (
			);
			inputPaths = (
			);
			name = "[CP] Check Pods Manifest.lock";
			outputPaths = (
			);
			runOnlyForDeploymentPostprocessing = 0;
			shellPath = /bin/sh;
			shellScript = "diff \"${PODS_PODFILE_DIR_PATH}/Podfile.lock\" \"${PODS_ROOT}/Manifest.lock\" > /dev/null\nif [ $? != 0 ] ; then\n    # print error to STDERR\n    echo \"error: The sandbox is not in sync with the Podfile.lock. Run 'pod install' or update your CocoaPods installation.\" >&2\n    exit 1\nfi\n";
			showEnvVarsInLog = 0;
		};
		EA864F5434B654F6A2BA6C77 /* [CP] Embed Pods Frameworks */ = {
			isa = PBXShellScriptBuildPhase;
			buildActionMask = 2147483647;
			files = (
			);
			inputPaths = (
			);
			name = "[CP] Embed Pods Frameworks";
			outputPaths = (
			);
			runOnlyForDeploymentPostprocessing = 0;
			shellPath = /bin/sh;
			shellScript = "\"${SRCROOT}/Pods/Target Support Files/Pods-ContactsList/Pods-ContactsList-frameworks.sh\"\n";
			showEnvVarsInLog = 0;
		};
/* End PBXShellScriptBuildPhase section */

/* Begin PBXSourcesBuildPhase section */
		8476C0781EC7476E001BD631 /* Sources */ = {
			isa = PBXSourcesBuildPhase;
			buildActionMask = 2147483647;
			files = (
				844434A51EC766630030C44E /* ContactsListTableViewController.swift in Sources */,
				844434A81EC77B100030C44E /* ContactClass.swift in Sources */,
				A030CF5D1ECB672100DC2975 /* EditNavigationViewController.swift in Sources */,
				A01229531ECA0A4200420607 /* ViewContactTableViewController.swift in Sources */,
				84DE95021EC89E14007CE6B8 /* ContactsTableViewCell.swift in Sources */,
				8476C0801EC7476E001BD631 /* AppDelegate.swift in Sources */,
				A0652E961EC9E1650079C19C /* NewContactViewController.swift in Sources */,
				844434AA1EC77C0F0030C44E /* ContactsListClass.swift in Sources */,
			);
			runOnlyForDeploymentPostprocessing = 0;
		};
/* End PBXSourcesBuildPhase section */

/* Begin PBXVariantGroup section */
		8476C0831EC7476E001BD631 /* Main.storyboard */ = {
			isa = PBXVariantGroup;
			children = (
				8476C0841EC7476E001BD631 /* Base */,
			);
			name = Main.storyboard;
			sourceTree = "<group>";
		};
		8476C0881EC7476E001BD631 /* LaunchScreen.storyboard */ = {
			isa = PBXVariantGroup;
			children = (
				8476C0891EC7476E001BD631 /* Base */,
			);
			name = LaunchScreen.storyboard;
			sourceTree = "<group>";
		};
/* End PBXVariantGroup section */

/* Begin XCBuildConfiguration section */
		8476C08C1EC7476E001BD631 /* Debug */ = {
			isa = XCBuildConfiguration;
			buildSettings = {
				ALWAYS_SEARCH_USER_PATHS = NO;
				CLANG_ANALYZER_NONNULL = YES;
				CLANG_ANALYZER_NUMBER_OBJECT_CONVERSION = YES_AGGRESSIVE;
				CLANG_CXX_LANGUAGE_STANDARD = "gnu++0x";
				CLANG_CXX_LIBRARY = "libc++";
				CLANG_ENABLE_MODULES = YES;
				CLANG_ENABLE_OBJC_ARC = YES;
				CLANG_WARN_BOOL_CONVERSION = YES;
				CLANG_WARN_CONSTANT_CONVERSION = YES;
				CLANG_WARN_DIRECT_OBJC_ISA_USAGE = YES_ERROR;
				CLANG_WARN_DOCUMENTATION_COMMENTS = YES;
				CLANG_WARN_EMPTY_BODY = YES;
				CLANG_WARN_ENUM_CONVERSION = YES;
				CLANG_WARN_INFINITE_RECURSION = YES;
				CLANG_WARN_INT_CONVERSION = YES;
				CLANG_WARN_OBJC_ROOT_CLASS = YES_ERROR;
				CLANG_WARN_SUSPICIOUS_MOVE = YES;
				CLANG_WARN_UNREACHABLE_CODE = YES;
				CLANG_WARN__DUPLICATE_METHOD_MATCH = YES;
				"CODE_SIGN_IDENTITY[sdk=iphoneos*]" = "iPhone Developer";
				COPY_PHASE_STRIP = NO;
				DEBUG_INFORMATION_FORMAT = dwarf;
				ENABLE_STRICT_OBJC_MSGSEND = YES;
				ENABLE_TESTABILITY = YES;
				GCC_C_LANGUAGE_STANDARD = gnu99;
				GCC_DYNAMIC_NO_PIC = NO;
				GCC_NO_COMMON_BLOCKS = YES;
				GCC_OPTIMIZATION_LEVEL = 0;
				GCC_PREPROCESSOR_DEFINITIONS = (
					"DEBUG=1",
					"$(inherited)",
				);
				GCC_WARN_64_TO_32_BIT_CONVERSION = YES;
				GCC_WARN_ABOUT_RETURN_TYPE = YES_ERROR;
				GCC_WARN_UNDECLARED_SELECTOR = YES;
				GCC_WARN_UNINITIALIZED_AUTOS = YES_AGGRESSIVE;
				GCC_WARN_UNUSED_FUNCTION = YES;
				GCC_WARN_UNUSED_VARIABLE = YES;
				IPHONEOS_DEPLOYMENT_TARGET = 10.3;
				MTL_ENABLE_DEBUG_INFO = YES;
				ONLY_ACTIVE_ARCH = YES;
				SDKROOT = iphoneos;
				SWIFT_ACTIVE_COMPILATION_CONDITIONS = DEBUG;
				SWIFT_OPTIMIZATION_LEVEL = "-Onone";
				TARGETED_DEVICE_FAMILY = "1,2";
			};
			name = Debug;
		};
		8476C08D1EC7476E001BD631 /* Release */ = {
			isa = XCBuildConfiguration;
			buildSettings = {
				ALWAYS_SEARCH_USER_PATHS = NO;
				CLANG_ANALYZER_NONNULL = YES;
				CLANG_ANALYZER_NUMBER_OBJECT_CONVERSION = YES_AGGRESSIVE;
				CLANG_CXX_LANGUAGE_STANDARD = "gnu++0x";
				CLANG_CXX_LIBRARY = "libc++";
				CLANG_ENABLE_MODULES = YES;
				CLANG_ENABLE_OBJC_ARC = YES;
				CLANG_WARN_BOOL_CONVERSION = YES;
				CLANG_WARN_CONSTANT_CONVERSION = YES;
				CLANG_WARN_DIRECT_OBJC_ISA_USAGE = YES_ERROR;
				CLANG_WARN_DOCUMENTATION_COMMENTS = YES;
				CLANG_WARN_EMPTY_BODY = YES;
				CLANG_WARN_ENUM_CONVERSION = YES;
				CLANG_WARN_INFINITE_RECURSION = YES;
				CLANG_WARN_INT_CONVERSION = YES;
				CLANG_WARN_OBJC_ROOT_CLASS = YES_ERROR;
				CLANG_WARN_SUSPICIOUS_MOVE = YES;
				CLANG_WARN_UNREACHABLE_CODE = YES;
				CLANG_WARN__DUPLICATE_METHOD_MATCH = YES;
				"CODE_SIGN_IDENTITY[sdk=iphoneos*]" = "iPhone Developer";
				COPY_PHASE_STRIP = NO;
				DEBUG_INFORMATION_FORMAT = "dwarf-with-dsym";
				ENABLE_NS_ASSERTIONS = NO;
				ENABLE_STRICT_OBJC_MSGSEND = YES;
				GCC_C_LANGUAGE_STANDARD = gnu99;
				GCC_NO_COMMON_BLOCKS = YES;
				GCC_WARN_64_TO_32_BIT_CONVERSION = YES;
				GCC_WARN_ABOUT_RETURN_TYPE = YES_ERROR;
				GCC_WARN_UNDECLARED_SELECTOR = YES;
				GCC_WARN_UNINITIALIZED_AUTOS = YES_AGGRESSIVE;
				GCC_WARN_UNUSED_FUNCTION = YES;
				GCC_WARN_UNUSED_VARIABLE = YES;
				IPHONEOS_DEPLOYMENT_TARGET = 10.3;
				MTL_ENABLE_DEBUG_INFO = NO;
				SDKROOT = iphoneos;
				SWIFT_OPTIMIZATION_LEVEL = "-Owholemodule";
				TARGETED_DEVICE_FAMILY = "1,2";
				VALIDATE_PRODUCT = YES;
			};
			name = Release;
		};
		8476C08F1EC7476E001BD631 /* Debug */ = {
			isa = XCBuildConfiguration;
			baseConfigurationReference = 7E4EB0974A2484A9B9CBDA65 /* Pods-ContactsList.debug.xcconfig */;
			buildSettings = {
				ASSETCATALOG_COMPILER_APPICON_NAME = AppIcon;
				"CODE_SIGN_IDENTITY[sdk=iphoneos*]" = "iPhone Developer";
				DEVELOPMENT_TEAM = 25KV7PP28G;
				INFOPLIST_FILE = ContactsList/Info.plist;
				IPHONEOS_DEPLOYMENT_TARGET = 10.3;
				LD_RUNPATH_SEARCH_PATHS = "$(inherited) @executable_path/Frameworks";
				PRODUCT_BUNDLE_IDENTIFIER = home.ContactsList;
				PRODUCT_NAME = "$(TARGET_NAME)";
				PROVISIONING_PROFILE_SPECIFIER = "";
				SWIFT_VERSION = 3.0;
			};
			name = Debug;
		};
		8476C0901EC7476E001BD631 /* Release */ = {
			isa = XCBuildConfiguration;
			baseConfigurationReference = 2B7A08DE769BEC3F0145A60D /* Pods-ContactsList.release.xcconfig */;
			buildSettings = {
				ASSETCATALOG_COMPILER_APPICON_NAME = AppIcon;
				"CODE_SIGN_IDENTITY[sdk=iphoneos*]" = "iPhone Developer";
				DEVELOPMENT_TEAM = 25KV7PP28G;
				INFOPLIST_FILE = ContactsList/Info.plist;
				IPHONEOS_DEPLOYMENT_TARGET = 10.3;
				LD_RUNPATH_SEARCH_PATHS = "$(inherited) @executable_path/Frameworks";
				PRODUCT_BUNDLE_IDENTIFIER = home.ContactsList;
				PRODUCT_NAME = "$(TARGET_NAME)";
				PROVISIONING_PROFILE_SPECIFIER = "";
				SWIFT_VERSION = 3.0;
			};
			name = Release;
		};
/* End XCBuildConfiguration section */

/* Begin XCConfigurationList section */
		8476C0771EC7476E001BD631 /* Build configuration list for PBXProject "ContactsList" */ = {
			isa = XCConfigurationList;
			buildConfigurations = (
				8476C08C1EC7476E001BD631 /* Debug */,
				8476C08D1EC7476E001BD631 /* Release */,
			);
			defaultConfigurationIsVisible = 0;
			defaultConfigurationName = Release;
		};
		8476C08E1EC7476E001BD631 /* Build configuration list for PBXNativeTarget "ContactsList" */ = {
			isa = XCConfigurationList;
			buildConfigurations = (
				8476C08F1EC7476E001BD631 /* Debug */,
				8476C0901EC7476E001BD631 /* Release */,
			);
			defaultConfigurationIsVisible = 0;
			defaultConfigurationName = Release;
		};
/* End XCConfigurationList section */
	};
	rootObject = 8476C0741EC7476E001BD631 /* Project object */;
}
